
Microsoft Visual Studio Solution File, Format Version 12.00
# Visual Studio Version 17
VisualStudioVersion = 17.10.35013.160
MinimumVisualStudioVersion = 10.0.40219.1
Project("{FAE04EC0-301F-11D3-BF4B-00C04F79EFBC}") = "APICodigoEFC", "APICodigoEFC\APICodigoEFC.csproj", "{47681339-D669-4307-8051-4C18D5FFDE5D}"
EndProject
Global
	GlobalSection(SolutionConfigurationPlatforms) = preSolution
		Debug|Any CPU = Debug|Any CPU
		Release|Any CPU = Release|Any CPU
	EndGlobalSection
	GlobalSection(ProjectConfigurationPlatforms) = postSolution
		{47681339-D669-4307-8051-4C18D5FFDE5D}.Debug|Any CPU.ActiveCfg = Debug|Any CPU
		{47681339-D669-4307-8051-4C18D5FFDE5D}.Debug|Any CPU.Build.0 = Debug|Any CPU
		{47681339-D669-4307-8051-4C18D5FFDE5D}.Release|Any CPU.ActiveCfg = Release|Any CPU
		{47681339-D669-4307-8051-4C18D5FFDE5D}.Release|Any CPU.Build.0 = Release|Any CPU
	EndGlobalSection
	GlobalSection(SolutionProperties) = preSolution
		HideSolutionNode = FALSE
	EndGlobalSection
	GlobalSection(ExtensibilityGlobals) = postSolution
		SolutionGuid = {64B3B917-AC30-4A0C-8900-ED9F94095A0F}
	EndGlobalSection
EndGlobal
